
Microsoft Visual Studio Solution File, Format Version 12.00
# Visual Studio Version 17
VisualStudioVersion = 17.4.33205.214
MinimumVisualStudioVersion = 10.0.40219.1
Project("{FAE04EC0-301F-11D3-BF4B-00C04F79EFBC}") = "SuperHero.API", "SuperHero.API\SuperHero.API.csproj", "{EE21288E-6EE6-4616-A07A-9BD3666DE3AD}"
EndProject
Global
	GlobalSection(SolutionConfigurationPlatforms) = preSolution
		Debug|Any CPU = Debug|Any CPU
		Release|Any CPU = Release|Any CPU
	EndGlobalSection
	GlobalSection(ProjectConfigurationPlatforms) = postSolution
		{EE21288E-6EE6-4616-A07A-9BD3666DE3AD}.Debug|Any CPU.ActiveCfg = Debug|Any CPU
		{EE21288E-6EE6-4616-A07A-9BD3666DE3AD}.Debug|Any CPU.Build.0 = Debug|Any CPU
		{EE21288E-6EE6-4616-A07A-9BD3666DE3AD}.Release|Any CPU.ActiveCfg = Release|Any CPU
		{EE21288E-6EE6-4616-A07A-9BD3666DE3AD}.Release|Any CPU.Build.0 = Release|Any CPU
	EndGlobalSection
	GlobalSection(SolutionProperties) = preSolution
		HideSolutionNode = FALSE
	EndGlobalSection
	GlobalSection(ExtensibilityGlobals) = postSolution
		SolutionGuid = {31F3E4A8-78AA-4994-835D-F588269F7C44}
	EndGlobalSection
EndGlobal
